{
  "nodes": {
    "flake-parts": {
      "inputs": {
        "nixpkgs-lib": [
          "nixpkgs"
        ]
      },
      "locked": {
        "lastModified": 1785627969,
        "narHash": "sha256-4dtXQk/NMePegK/nWp5NSeuZKLATItOq61lpEvmXqGw=",
        "ref": "main",
        "rev": "427bf4bd9435fdf21321c8cc628c24efc14c0f7a",
        "revCount": 483,
        "type": "git",
        "url": "https://github.com/hercules-ci/flake-parts.git"
      },
      "original": {
        "ref": "main",
        "type": "git",
        "url": "https://github.com/hercules-ci/flake-parts.git"
      }
    },
    "nixpkgs": {
      "locked": {
        "lastModified": 1786384358,
        "narHash": "sha256-RzPPiWeUtuvymnpuEWsdtzli5w4kjZs49FqEs3/1u+I=",
        "ref": "nixos-unstable",
        "rev": "2fcb964de67fcf60b43471c55d5d99e61a9ccb5a",
        "revCount": 1051473,
        "type": "git",
        "url": "https://github.com/NixOS/nixpkgs.git"
      },
      "original": {
        "ref": "nixos-unstable",
        "type": "git",
        "url": "https://github.com/NixOS/nixpkgs.git"
      }
    },
    "root": {
      "inputs": {
        "flake-parts": "flake-parts",
        "nixpkgs": "nixpkgs"
      }
    }
  },
  "root": "root",
  "version": 7
}
