{
  "nodes": {
    "devshell": {
      "inputs": {
        "nixpkgs": [
          "nixpkgs"
        ]
      },
      "locked": {
        "lastModified": 1788342953,
        "narHash": "sha256-EWkNM4JzBhZ/Yn1PG6lP4/QJuFAFeHYlY5gVxXu940Y=",
        "ref": "main",
        "rev": "a67c0f87b63bcbdbdcb56785bec0205a2e3d6026",
        "revCount": 362,
        "type": "git",
        "url": "https://github.com/numtide/devshell.git"
      },
      "original": {
        "ref": "main",
        "type": "git",
        "url": "https://github.com/numtide/devshell.git"
      }
    },
    "flake-parts": {
      "inputs": {
        "nixpkgs-lib": [
          "nixpkgs"
        ]
      },
      "locked": {
        "lastModified": 1788450739,
        "narHash": "sha256-glZLQlzIn1fXH6PazR2iUmTo7kzzyYSshrWhLS9TqCU=",
        "ref": "main",
        "rev": "31729ca8cbdb4fa927b34e5f4353e6a83f39e993",
        "revCount": 494,
        "type": "git",
        "url": "https://github.com/hercules-ci/flake-parts.git"
      },
      "original": {
        "ref": "main",
        "type": "git",
        "url": "https://github.com/hercules-ci/flake-parts.git"
      }
    },
    "infix": {
      "inputs": {
        "nixpkgs": [
          "nixpkgs"
        ]
      },
      "locked": {
        "lastModified": 1785945928,
        "narHash": "sha256-4dLAgs76p3oKmEcns0qpLlaD7wtKccZSSMFUM1PbCaA=",
        "ref": "main",
        "rev": "08548b51d9ae6582bea634eecbd4090317c2ff84",
        "revCount": 145,
        "type": "git",
        "url": "https://github.com/brsvh/infix.git"
      },
      "original": {
        "ref": "main",
        "type": "git",
        "url": "https://github.com/brsvh/infix.git"
      }
    },
    "nixpkgs": {
      "locked": {
        "lastModified": 1789546076,
        "narHash": "sha256-zVxLZiSnmaaPLwnhj7pwmqe3axBg/C6nG5JZsJMh2g4=",
        "ref": "nixos-unstable",
        "rev": "b1b875982b17dabde9b4a37f3e229e74913e6db3",
        "revCount": 1074753,
        "type": "git",
        "url": "https://github.com/NixOS/nixpkgs.git"
      },
      "original": {
        "ref": "nixos-unstable",
        "type": "git",
        "url": "https://github.com/NixOS/nixpkgs.git"
      }
    },
    "root": {
      "inputs": {
        "devshell": "devshell",
        "flake-parts": "flake-parts",
        "infix": "infix",
        "nixpkgs": "nixpkgs"
      }
    }
  },
  "root": "root",
  "version": 7
}
