{
  "nodes": {
    "devshell": {
      "inputs": {
        "nixpkgs": [
          "nixpkgs"
        ]
      },
      "locked": {
        "lastModified": 1768818222,
        "narHash": "sha256-460jc0+CZfyaO8+w8JNtlClB2n4ui1RbHfPTLkpwhU8=",
        "ref": "main",
        "rev": "255a2b1725a20d060f566e4755dbf571bbbb5f76",
        "revCount": 361,
        "type": "git",
        "url": "https://github.com/numtide/devshell.git"
      },
      "original": {
        "ref": "main",
        "type": "git",
        "url": "https://github.com/numtide/devshell.git"
      }
    },
    "flake-parts": {
      "inputs": {
        "nixpkgs-lib": [
          "nixpkgs"
        ]
      },
      "locked": {
        "lastModified": 1785627969,
        "narHash": "sha256-4dtXQk/NMePegK/nWp5NSeuZKLATItOq61lpEvmXqGw=",
        "ref": "main",
        "rev": "427bf4bd9435fdf21321c8cc628c24efc14c0f7a",
        "revCount": 483,
        "type": "git",
        "url": "https://github.com/hercules-ci/flake-parts.git"
      },
      "original": {
        "ref": "main",
        "type": "git",
        "url": "https://github.com/hercules-ci/flake-parts.git"
      }
    },
    "infix": {
      "inputs": {
        "nixpkgs": [
          "nixpkgs"
        ]
      },
      "locked": {
        "lastModified": 1785945928,
        "narHash": "sha256-4dLAgs76p3oKmEcns0qpLlaD7wtKccZSSMFUM1PbCaA=",
        "ref": "main",
        "rev": "08548b51d9ae6582bea634eecbd4090317c2ff84",
        "revCount": 145,
        "type": "git",
        "url": "https://github.com/brsvh/infix.git"
      },
      "original": {
        "ref": "main",
        "type": "git",
        "url": "https://github.com/brsvh/infix.git"
      }
    },
    "nixpkgs": {
      "locked": {
        "lastModified": 1785828668,
        "narHash": "sha256-8fsyqeO+mJqvIzeO4xIpgJe/f7MTbbVTEC6RT6WSXNs=",
        "ref": "nixos-unstable",
        "rev": "e72e4f299401a3689d4b3d5fc6496b11db7064eb",
        "revCount": 1047536,
        "type": "git",
        "url": "https://github.com/NixOS/nixpkgs.git"
      },
      "original": {
        "ref": "nixos-unstable",
        "type": "git",
        "url": "https://github.com/NixOS/nixpkgs.git"
      }
    },
    "root": {
      "inputs": {
        "devshell": "devshell",
        "flake-parts": "flake-parts",
        "infix": "infix",
        "nixpkgs": "nixpkgs"
      }
    }
  },
  "root": "root",
  "version": 7
}
